
Microsoft Visual Studio Solution File, Format Version 12.00
# Visual Studio Version 17
VisualStudioVersion = 17.11.35208.52
MinimumVisualStudioVersion = 10.0.40219.1
Project("{9A19103F-16F7-4668-BE54-9A1E7A4F7556}") = "QSoft.WPF.TreeListView", "QSoft.WPF.TreeListView\QSoft.WPF.TreeListView.csproj", "{D90CC4D1-CAB9-46F3-A1E2-B616D51A399D}"
EndProject
Project("{9A19103F-16F7-4668-BE54-9A1E7A4F7556}") = "WpfApp1", "WpfApp1\WpfApp1.csproj", "{A191F763-2915-45F0-AE53-81130D2C1ECE}"
EndProject
Project("{9A19103F-16F7-4668-BE54-9A1E7A4F7556}") = "WpfApp_MVVM", "WpfApp_MVVM\WpfApp_MVVM.csproj", "{F5606D0C-5013-4ED8-81BE-FB33D4FE435B}"
EndProject
Project("{9A19103F-16F7-4668-BE54-9A1E7A4F7556}") = "QSoft.WPF.ValueConvert", "QSoft.WPF.ValueConvert\QSoft.WPF.ValueConvert.csproj", "{A8BCAC54-7CAA-45AB-9AA6-9C0A8EB54803}"
EndProject
Project("{FAE04EC0-301F-11D3-BF4B-00C04F79EFBC}") = "WpfAppNET472", "WpfAppNET472\WpfAppNET472.csproj", "{94DF9C99-217C-42E0-AEAE-C31D2D79BE7F}"
EndProject
Project("{9A19103F-16F7-4668-BE54-9A1E7A4F7556}") = "QSoft.WPF.Behaviors", "QSoft.WPF.Behaviors\QSoft.WPF.Behaviors.csproj", "{1692E8CF-4D3C-44EB-96B4-5EF2AD3E4EF6}"
EndProject
Project("{9A19103F-16F7-4668-BE54-9A1E7A4F7556}") = "WPF_TouchKeyboardNotifier", "WPF_TouchKeyboardNotifier\WPF_TouchKeyboardNotifier.csproj", "{907FE7D0-7172-48CD-AD63-4FEED361C9E4}"
EndProject
Project("{9A19103F-16F7-4668-BE54-9A1E7A4F7556}") = "ConsoleApp1", "ConsoleApp1\ConsoleApp1.csproj", "{37818039-F756-4333-9F1E-AE1B0873ACA2}"
EndProject
Project("{FAE04EC0-301F-11D3-BF4B-00C04F79EFBC}") = "QSoft.WPF.Controls.ComboButton", "QSoft.WPF.Controls.ComboButton\QSoft.WPF.Controls.ComboButton.csproj", "{D8D6E6B0-039D-4605-859D-8F37789EC7A8}"
EndProject
Project("{FAE04EC0-301F-11D3-BF4B-00C04F79EFBC}") = "WpfApp_TreeView", "WpfApp_TreeView\WpfApp_TreeView.csproj", "{D1EECBB3-784A-426D-A1F3-215AF8D0B54C}"
EndProject
Global
	GlobalSection(SolutionConfigurationPlatforms) = preSolution
		Debug|Any CPU = Debug|Any CPU
		Release|Any CPU = Release|Any CPU
	EndGlobalSection
	GlobalSection(ProjectConfigurationPlatforms) = postSolution
		{D90CC4D1-CAB9-46F3-A1E2-B616D51A399D}.Debug|Any CPU.ActiveCfg = Debug|Any CPU
		{D90CC4D1-CAB9-46F3-A1E2-B616D51A399D}.Debug|Any CPU.Build.0 = Debug|Any CPU
		{D90CC4D1-CAB9-46F3-A1E2-B616D51A399D}.Release|Any CPU.ActiveCfg = Release|Any CPU
		{D90CC4D1-CAB9-46F3-A1E2-B616D51A399D}.Release|Any CPU.Build.0 = Release|Any CPU
		{A191F763-2915-45F0-AE53-81130D2C1ECE}.Debug|Any CPU.ActiveCfg = Debug|Any CPU
		{A191F763-2915-45F0-AE53-81130D2C1ECE}.Debug|Any CPU.Build.0 = Debug|Any CPU
		{A191F763-2915-45F0-AE53-81130D2C1ECE}.Release|Any CPU.ActiveCfg = Release|Any CPU
		{A191F763-2915-45F0-AE53-81130D2C1ECE}.Release|Any CPU.Build.0 = Release|Any CPU
		{F5606D0C-5013-4ED8-81BE-FB33D4FE435B}.Debug|Any CPU.ActiveCfg = Debug|Any CPU
		{F5606D0C-5013-4ED8-81BE-FB33D4FE435B}.Debug|Any CPU.Build.0 = Debug|Any CPU
		{F5606D0C-5013-4ED8-81BE-FB33D4FE435B}.Release|Any CPU.ActiveCfg = Release|Any CPU
		{F5606D0C-5013-4ED8-81BE-FB33D4FE435B}.Release|Any CPU.Build.0 = Release|Any CPU
		{A8BCAC54-7CAA-45AB-9AA6-9C0A8EB54803}.Debug|Any CPU.ActiveCfg = Debug|Any CPU
		{A8BCAC54-7CAA-45AB-9AA6-9C0A8EB54803}.Debug|Any CPU.Build.0 = Debug|Any CPU
		{A8BCAC54-7CAA-45AB-9AA6-9C0A8EB54803}.Release|Any CPU.ActiveCfg = Release|Any CPU
		{A8BCAC54-7CAA-45AB-9AA6-9C0A8EB54803}.Release|Any CPU.Build.0 = Release|Any CPU
		{94DF9C99-217C-42E0-AEAE-C31D2D79BE7F}.Debug|Any CPU.ActiveCfg = Debug|Any CPU
		{94DF9C99-217C-42E0-AEAE-C31D2D79BE7F}.Debug|Any CPU.Build.0 = Debug|Any CPU
		{94DF9C99-217C-42E0-AEAE-C31D2D79BE7F}.Release|Any CPU.ActiveCfg = Release|Any CPU
		{94DF9C99-217C-42E0-AEAE-C31D2D79BE7F}.Release|Any CPU.Build.0 = Release|Any CPU
		{1692E8CF-4D3C-44EB-96B4-5EF2AD3E4EF6}.Debug|Any CPU.ActiveCfg = Debug|Any CPU
		{1692E8CF-4D3C-44EB-96B4-5EF2AD3E4EF6}.Debug|Any CPU.Build.0 = Debug|Any CPU
		{1692E8CF-4D3C-44EB-96B4-5EF2AD3E4EF6}.Release|Any CPU.ActiveCfg = Release|Any CPU
		{1692E8CF-4D3C-44EB-96B4-5EF2AD3E4EF6}.Release|Any CPU.Build.0 = Release|Any CPU
		{907FE7D0-7172-48CD-AD63-4FEED361C9E4}.Debug|Any CPU.ActiveCfg = Debug|Any CPU
		{907FE7D0-7172-48CD-AD63-4FEED361C9E4}.Debug|Any CPU.Build.0 = Debug|Any CPU
		{907FE7D0-7172-48CD-AD63-4FEED361C9E4}.Release|Any CPU.ActiveCfg = Release|Any CPU
		{907FE7D0-7172-48CD-AD63-4FEED361C9E4}.Release|Any CPU.Build.0 = Release|Any CPU
		{37818039-F756-4333-9F1E-AE1B0873ACA2}.Debug|Any CPU.ActiveCfg = Debug|Any CPU
		{37818039-F756-4333-9F1E-AE1B0873ACA2}.Debug|Any CPU.Build.0 = Debug|Any CPU
		{37818039-F756-4333-9F1E-AE1B0873ACA2}.Release|Any CPU.ActiveCfg = Release|Any CPU
		{37818039-F756-4333-9F1E-AE1B0873ACA2}.Release|Any CPU.Build.0 = Release|Any CPU
		{D8D6E6B0-039D-4605-859D-8F37789EC7A8}.Debug|Any CPU.ActiveCfg = Debug|Any CPU
		{D8D6E6B0-039D-4605-859D-8F37789EC7A8}.Debug|Any CPU.Build.0 = Debug|Any CPU
		{D8D6E6B0-039D-4605-859D-8F37789EC7A8}.Release|Any CPU.ActiveCfg = Release|Any CPU
		{D8D6E6B0-039D-4605-859D-8F37789EC7A8}.Release|Any CPU.Build.0 = Release|Any CPU
		{D1EECBB3-784A-426D-A1F3-215AF8D0B54C}.Debug|Any CPU.ActiveCfg = Debug|Any CPU
		{D1EECBB3-784A-426D-A1F3-215AF8D0B54C}.Debug|Any CPU.Build.0 = Debug|Any CPU
		{D1EECBB3-784A-426D-A1F3-215AF8D0B54C}.Release|Any CPU.ActiveCfg = Release|Any CPU
		{D1EECBB3-784A-426D-A1F3-215AF8D0B54C}.Release|Any CPU.Build.0 = Release|Any CPU
	EndGlobalSection
	GlobalSection(SolutionProperties) = preSolution
		HideSolutionNode = FALSE
	EndGlobalSection
	GlobalSection(ExtensibilityGlobals) = postSolution
		SolutionGuid = {833C00CD-9AA4-425D-8B22-479D99FB587D}
	EndGlobalSection
EndGlobal
