
Microsoft Visual Studio Solution File, Format Version 12.00
# Visual Studio Version 17
VisualStudioVersion = 17.11.35208.52
MinimumVisualStudioVersion = 10.0.40219.1
Project("{9A19103F-16F7-4668-BE54-9A1E7A4F7556}") = "QSoft.WPF.TreeListView", "QSoft.WPF.TreeListView\QSoft.WPF.TreeListView.csproj", "{D90CC4D1-CAB9-46F3-A1E2-B616D51A399D}"
EndProject
Project("{9A19103F-16F7-4668-BE54-9A1E7A4F7556}") = "WpfApp1", "WpfApp1\WpfApp1.csproj", "{A191F763-2915-45F0-AE53-81130D2C1ECE}"
EndProject
Project("{9A19103F-16F7-4668-BE54-9A1E7A4F7556}") = "QSoft.WPF.ValueConvert", "QSoft.WPF.ValueConvert\QSoft.WPF.ValueConvert.csproj", "{A8BCAC54-7CAA-45AB-9AA6-9C0A8EB54803}"
EndProject
Project("{FAE04EC0-301F-11D3-BF4B-00C04F79EFBC}") = "WpfAppNET472", "WpfAppNET472\WpfAppNET472.csproj", "{94DF9C99-217C-42E0-AEAE-C31D2D79BE7F}"
EndProject
Project("{9A19103F-16F7-4668-BE54-9A1E7A4F7556}") = "QSoft.WPF.Behaviors", "QSoft.WPF.Behaviors\QSoft.WPF.Behaviors.csproj", "{1692E8CF-4D3C-44EB-96B4-5EF2AD3E4EF6}"
EndProject
Project("{9A19103F-16F7-4668-BE54-9A1E7A4F7556}") = "WPF_TouchKeyboardNotifier", "WPF_TouchKeyboardNotifier\WPF_TouchKeyboardNotifier.csproj", "{907FE7D0-7172-48CD-AD63-4FEED361C9E4}"
EndProject
Project("{9A19103F-16F7-4668-BE54-9A1E7A4F7556}") = "ConsoleApp1", "ConsoleApp1\ConsoleApp1.csproj", "{37818039-F756-4333-9F1E-AE1B0873ACA2}"
EndProject
Project("{FAE04EC0-301F-11D3-BF4B-00C04F79EFBC}") = "QSoft.WPF.Controls.ComboButton", "QSoft.WPF.Controls.ComboButton\QSoft.WPF.Controls.ComboButton.csproj", "{D8D6E6B0-039D-4605-859D-8F37789EC7A8}"
EndProject
Project("{FAE04EC0-301F-11D3-BF4B-00C04F79EFBC}") = "WpfApp_ContentControl", "WpfApp_ContentControl\WpfApp_ContentControl.csproj", "{942B3178-198C-40BE-8B81-0727068DA5B9}"
EndProject
Project("{FAE04EC0-301F-11D3-BF4B-00C04F79EFBC}") = "QSoft.WPF.ContentControlView", "QSoft.WPF.ContentControlView\QSoft.WPF.ContentControlView.csproj", "{C8AF9929-6841-4F72-9EFB-05F7486DCD7C}"
EndProject
Project("{FAE04EC0-301F-11D3-BF4B-00C04F79EFBC}") = "Wpf_WebView2", "Wpf_WebView2\Wpf_WebView2.csproj", "{17787AA6-A1FB-468A-966F-0A9D386CB99B}"
EndProject
Project("{FAE04EC0-301F-11D3-BF4B-00C04F79EFBC}") = "App2", "App2\App2.csproj", "{B0C6F7B8-9773-426B-BD6A-40181D6F15BD}"
EndProject
Project("{FAE04EC0-301F-11D3-BF4B-00C04F79EFBC}") = "QSoft.WPF.TreeListViewT", "QSoft.WPF.TreeListViewT\QSoft.WPF.TreeListViewT.csproj", "{A43DDC04-3B2A-4F92-8491-17C87A07653D}"
EndProject
Project("{FAE04EC0-301F-11D3-BF4B-00C04F79EFBC}") = "WinUI3_NET9_NAOT", "WinUI3_NET9_NAOT\WinUI3_NET9_NAOT.csproj", "{F38CD8FB-DDE9-40FA-AE24-BDD5887741DA}"
EndProject
Global
	GlobalSection(SolutionConfigurationPlatforms) = preSolution
		Debug|Any CPU = Debug|Any CPU
		Debug|ARM64 = Debug|ARM64
		Debug|x64 = Debug|x64
		Debug|x86 = Debug|x86
		Release|Any CPU = Release|Any CPU
		Release|ARM64 = Release|ARM64
		Release|x64 = Release|x64
		Release|x86 = Release|x86
	EndGlobalSection
	GlobalSection(ProjectConfigurationPlatforms) = postSolution
		{D90CC4D1-CAB9-46F3-A1E2-B616D51A399D}.Debug|Any CPU.ActiveCfg = Debug|Any CPU
		{D90CC4D1-CAB9-46F3-A1E2-B616D51A399D}.Debug|Any CPU.Build.0 = Debug|Any CPU
		{D90CC4D1-CAB9-46F3-A1E2-B616D51A399D}.Debug|ARM64.ActiveCfg = Debug|Any CPU
		{D90CC4D1-CAB9-46F3-A1E2-B616D51A399D}.Debug|ARM64.Build.0 = Debug|Any CPU
		{D90CC4D1-CAB9-46F3-A1E2-B616D51A399D}.Debug|x64.ActiveCfg = Debug|Any CPU
		{D90CC4D1-CAB9-46F3-A1E2-B616D51A399D}.Debug|x64.Build.0 = Debug|Any CPU
		{D90CC4D1-CAB9-46F3-A1E2-B616D51A399D}.Debug|x86.ActiveCfg = Debug|Any CPU
		{D90CC4D1-CAB9-46F3-A1E2-B616D51A399D}.Debug|x86.Build.0 = Debug|Any CPU
		{D90CC4D1-CAB9-46F3-A1E2-B616D51A399D}.Release|Any CPU.ActiveCfg = Release|Any CPU
		{D90CC4D1-CAB9-46F3-A1E2-B616D51A399D}.Release|Any CPU.Build.0 = Release|Any CPU
		{D90CC4D1-CAB9-46F3-A1E2-B616D51A399D}.Release|ARM64.ActiveCfg = Release|Any CPU
		{D90CC4D1-CAB9-46F3-A1E2-B616D51A399D}.Release|ARM64.Build.0 = Release|Any CPU
		{D90CC4D1-CAB9-46F3-A1E2-B616D51A399D}.Release|x64.ActiveCfg = Release|Any CPU
		{D90CC4D1-CAB9-46F3-A1E2-B616D51A399D}.Release|x64.Build.0 = Release|Any CPU
		{D90CC4D1-CAB9-46F3-A1E2-B616D51A399D}.Release|x86.ActiveCfg = Release|Any CPU
		{D90CC4D1-CAB9-46F3-A1E2-B616D51A399D}.Release|x86.Build.0 = Release|Any CPU
		{A191F763-2915-45F0-AE53-81130D2C1ECE}.Debug|Any CPU.ActiveCfg = Debug|Any CPU
		{A191F763-2915-45F0-AE53-81130D2C1ECE}.Debug|Any CPU.Build.0 = Debug|Any CPU
		{A191F763-2915-45F0-AE53-81130D2C1ECE}.Debug|ARM64.ActiveCfg = Debug|Any CPU
		{A191F763-2915-45F0-AE53-81130D2C1ECE}.Debug|ARM64.Build.0 = Debug|Any CPU
		{A191F763-2915-45F0-AE53-81130D2C1ECE}.Debug|x64.ActiveCfg = Debug|Any CPU
		{A191F763-2915-45F0-AE53-81130D2C1ECE}.Debug|x64.Build.0 = Debug|Any CPU
		{A191F763-2915-45F0-AE53-81130D2C1ECE}.Debug|x86.ActiveCfg = Debug|Any CPU
		{A191F763-2915-45F0-AE53-81130D2C1ECE}.Debug|x86.Build.0 = Debug|Any CPU
		{A191F763-2915-45F0-AE53-81130D2C1ECE}.Release|Any CPU.ActiveCfg = Release|Any CPU
		{A191F763-2915-45F0-AE53-81130D2C1ECE}.Release|Any CPU.Build.0 = Release|Any CPU
		{A191F763-2915-45F0-AE53-81130D2C1ECE}.Release|ARM64.ActiveCfg = Release|Any CPU
		{A191F763-2915-45F0-AE53-81130D2C1ECE}.Release|ARM64.Build.0 = Release|Any CPU
		{A191F763-2915-45F0-AE53-81130D2C1ECE}.Release|x64.ActiveCfg = Release|Any CPU
		{A191F763-2915-45F0-AE53-81130D2C1ECE}.Release|x64.Build.0 = Release|Any CPU
		{A191F763-2915-45F0-AE53-81130D2C1ECE}.Release|x86.ActiveCfg = Release|Any CPU
		{A191F763-2915-45F0-AE53-81130D2C1ECE}.Release|x86.Build.0 = Release|Any CPU
		{A8BCAC54-7CAA-45AB-9AA6-9C0A8EB54803}.Debug|Any CPU.ActiveCfg = Debug|Any CPU
		{A8BCAC54-7CAA-45AB-9AA6-9C0A8EB54803}.Debug|Any CPU.Build.0 = Debug|Any CPU
		{A8BCAC54-7CAA-45AB-9AA6-9C0A8EB54803}.Debug|ARM64.ActiveCfg = Debug|Any CPU
		{A8BCAC54-7CAA-45AB-9AA6-9C0A8EB54803}.Debug|ARM64.Build.0 = Debug|Any CPU
		{A8BCAC54-7CAA-45AB-9AA6-9C0A8EB54803}.Debug|x64.ActiveCfg = Debug|Any CPU
		{A8BCAC54-7CAA-45AB-9AA6-9C0A8EB54803}.Debug|x64.Build.0 = Debug|Any CPU
		{A8BCAC54-7CAA-45AB-9AA6-9C0A8EB54803}.Debug|x86.ActiveCfg = Debug|Any CPU
		{A8BCAC54-7CAA-45AB-9AA6-9C0A8EB54803}.Debug|x86.Build.0 = Debug|Any CPU
		{A8BCAC54-7CAA-45AB-9AA6-9C0A8EB54803}.Release|Any CPU.ActiveCfg = Release|Any CPU
		{A8BCAC54-7CAA-45AB-9AA6-9C0A8EB54803}.Release|Any CPU.Build.0 = Release|Any CPU
		{A8BCAC54-7CAA-45AB-9AA6-9C0A8EB54803}.Release|ARM64.ActiveCfg = Release|Any CPU
		{A8BCAC54-7CAA-45AB-9AA6-9C0A8EB54803}.Release|ARM64.Build.0 = Release|Any CPU
		{A8BCAC54-7CAA-45AB-9AA6-9C0A8EB54803}.Release|x64.ActiveCfg = Release|Any CPU
		{A8BCAC54-7CAA-45AB-9AA6-9C0A8EB54803}.Release|x64.Build.0 = Release|Any CPU
		{A8BCAC54-7CAA-45AB-9AA6-9C0A8EB54803}.Release|x86.ActiveCfg = Release|Any CPU
		{A8BCAC54-7CAA-45AB-9AA6-9C0A8EB54803}.Release|x86.Build.0 = Release|Any CPU
		{94DF9C99-217C-42E0-AEAE-C31D2D79BE7F}.Debug|Any CPU.ActiveCfg = Debug|Any CPU
		{94DF9C99-217C-42E0-AEAE-C31D2D79BE7F}.Debug|Any CPU.Build.0 = Debug|Any CPU
		{94DF9C99-217C-42E0-AEAE-C31D2D79BE7F}.Debug|ARM64.ActiveCfg = Debug|Any CPU
		{94DF9C99-217C-42E0-AEAE-C31D2D79BE7F}.Debug|ARM64.Build.0 = Debug|Any CPU
		{94DF9C99-217C-42E0-AEAE-C31D2D79BE7F}.Debug|x64.ActiveCfg = Debug|Any CPU
		{94DF9C99-217C-42E0-AEAE-C31D2D79BE7F}.Debug|x64.Build.0 = Debug|Any CPU
		{94DF9C99-217C-42E0-AEAE-C31D2D79BE7F}.Debug|x86.ActiveCfg = Debug|Any CPU
		{94DF9C99-217C-42E0-AEAE-C31D2D79BE7F}.Debug|x86.Build.0 = Debug|Any CPU
		{94DF9C99-217C-42E0-AEAE-C31D2D79BE7F}.Release|Any CPU.ActiveCfg = Release|Any CPU
		{94DF9C99-217C-42E0-AEAE-C31D2D79BE7F}.Release|Any CPU.Build.0 = Release|Any CPU
		{94DF9C99-217C-42E0-AEAE-C31D2D79BE7F}.Release|ARM64.ActiveCfg = Release|Any CPU
		{94DF9C99-217C-42E0-AEAE-C31D2D79BE7F}.Release|ARM64.Build.0 = Release|Any CPU
		{94DF9C99-217C-42E0-AEAE-C31D2D79BE7F}.Release|x64.ActiveCfg = Release|Any CPU
		{94DF9C99-217C-42E0-AEAE-C31D2D79BE7F}.Release|x64.Build.0 = Release|Any CPU
		{94DF9C99-217C-42E0-AEAE-C31D2D79BE7F}.Release|x86.ActiveCfg = Release|Any CPU
		{94DF9C99-217C-42E0-AEAE-C31D2D79BE7F}.Release|x86.Build.0 = Release|Any CPU
		{1692E8CF-4D3C-44EB-96B4-5EF2AD3E4EF6}.Debug|Any CPU.ActiveCfg = Debug|Any CPU
		{1692E8CF-4D3C-44EB-96B4-5EF2AD3E4EF6}.Debug|Any CPU.Build.0 = Debug|Any CPU
		{1692E8CF-4D3C-44EB-96B4-5EF2AD3E4EF6}.Debug|ARM64.ActiveCfg = Debug|Any CPU
		{1692E8CF-4D3C-44EB-96B4-5EF2AD3E4EF6}.Debug|ARM64.Build.0 = Debug|Any CPU
		{1692E8CF-4D3C-44EB-96B4-5EF2AD3E4EF6}.Debug|x64.ActiveCfg = Debug|Any CPU
		{1692E8CF-4D3C-44EB-96B4-5EF2AD3E4EF6}.Debug|x64.Build.0 = Debug|Any CPU
		{1692E8CF-4D3C-44EB-96B4-5EF2AD3E4EF6}.Debug|x86.ActiveCfg = Debug|Any CPU
		{1692E8CF-4D3C-44EB-96B4-5EF2AD3E4EF6}.Debug|x86.Build.0 = Debug|Any CPU
		{1692E8CF-4D3C-44EB-96B4-5EF2AD3E4EF6}.Release|Any CPU.ActiveCfg = Release|Any CPU
		{1692E8CF-4D3C-44EB-96B4-5EF2AD3E4EF6}.Release|Any CPU.Build.0 = Release|Any CPU
		{1692E8CF-4D3C-44EB-96B4-5EF2AD3E4EF6}.Release|ARM64.ActiveCfg = Release|Any CPU
		{1692E8CF-4D3C-44EB-96B4-5EF2AD3E4EF6}.Release|ARM64.Build.0 = Release|Any CPU
		{1692E8CF-4D3C-44EB-96B4-5EF2AD3E4EF6}.Release|x64.ActiveCfg = Release|Any CPU
		{1692E8CF-4D3C-44EB-96B4-5EF2AD3E4EF6}.Release|x64.Build.0 = Release|Any CPU
		{1692E8CF-4D3C-44EB-96B4-5EF2AD3E4EF6}.Release|x86.ActiveCfg = Release|Any CPU
		{1692E8CF-4D3C-44EB-96B4-5EF2AD3E4EF6}.Release|x86.Build.0 = Release|Any CPU
		{907FE7D0-7172-48CD-AD63-4FEED361C9E4}.Debug|Any CPU.ActiveCfg = Debug|Any CPU
		{907FE7D0-7172-48CD-AD63-4FEED361C9E4}.Debug|Any CPU.Build.0 = Debug|Any CPU
		{907FE7D0-7172-48CD-AD63-4FEED361C9E4}.Debug|ARM64.ActiveCfg = Debug|Any CPU
		{907FE7D0-7172-48CD-AD63-4FEED361C9E4}.Debug|ARM64.Build.0 = Debug|Any CPU
		{907FE7D0-7172-48CD-AD63-4FEED361C9E4}.Debug|x64.ActiveCfg = Debug|Any CPU
		{907FE7D0-7172-48CD-AD63-4FEED361C9E4}.Debug|x64.Build.0 = Debug|Any CPU
		{907FE7D0-7172-48CD-AD63-4FEED361C9E4}.Debug|x86.ActiveCfg = Debug|Any CPU
		{907FE7D0-7172-48CD-AD63-4FEED361C9E4}.Debug|x86.Build.0 = Debug|Any CPU
		{907FE7D0-7172-48CD-AD63-4FEED361C9E4}.Release|Any CPU.ActiveCfg = Release|Any CPU
		{907FE7D0-7172-48CD-AD63-4FEED361C9E4}.Release|Any CPU.Build.0 = Release|Any CPU
		{907FE7D0-7172-48CD-AD63-4FEED361C9E4}.Release|ARM64.ActiveCfg = Release|Any CPU
		{907FE7D0-7172-48CD-AD63-4FEED361C9E4}.Release|ARM64.Build.0 = Release|Any CPU
		{907FE7D0-7172-48CD-AD63-4FEED361C9E4}.Release|x64.ActiveCfg = Release|Any CPU
		{907FE7D0-7172-48CD-AD63-4FEED361C9E4}.Release|x64.Build.0 = Release|Any CPU
		{907FE7D0-7172-48CD-AD63-4FEED361C9E4}.Release|x86.ActiveCfg = Release|Any CPU
		{907FE7D0-7172-48CD-AD63-4FEED361C9E4}.Release|x86.Build.0 = Release|Any CPU
		{37818039-F756-4333-9F1E-AE1B0873ACA2}.Debug|Any CPU.ActiveCfg = Debug|Any CPU
		{37818039-F756-4333-9F1E-AE1B0873ACA2}.Debug|Any CPU.Build.0 = Debug|Any CPU
		{37818039-F756-4333-9F1E-AE1B0873ACA2}.Debug|ARM64.ActiveCfg = Debug|Any CPU
		{37818039-F756-4333-9F1E-AE1B0873ACA2}.Debug|ARM64.Build.0 = Debug|Any CPU
		{37818039-F756-4333-9F1E-AE1B0873ACA2}.Debug|x64.ActiveCfg = Debug|Any CPU
		{37818039-F756-4333-9F1E-AE1B0873ACA2}.Debug|x64.Build.0 = Debug|Any CPU
		{37818039-F756-4333-9F1E-AE1B0873ACA2}.Debug|x86.ActiveCfg = Debug|Any CPU
		{37818039-F756-4333-9F1E-AE1B0873ACA2}.Debug|x86.Build.0 = Debug|Any CPU
		{37818039-F756-4333-9F1E-AE1B0873ACA2}.Release|Any CPU.ActiveCfg = Release|Any CPU
		{37818039-F756-4333-9F1E-AE1B0873ACA2}.Release|Any CPU.Build.0 = Release|Any CPU
		{37818039-F756-4333-9F1E-AE1B0873ACA2}.Release|ARM64.ActiveCfg = Release|Any CPU
		{37818039-F756-4333-9F1E-AE1B0873ACA2}.Release|ARM64.Build.0 = Release|Any CPU
		{37818039-F756-4333-9F1E-AE1B0873ACA2}.Release|x64.ActiveCfg = Release|Any CPU
		{37818039-F756-4333-9F1E-AE1B0873ACA2}.Release|x64.Build.0 = Release|Any CPU
		{37818039-F756-4333-9F1E-AE1B0873ACA2}.Release|x86.ActiveCfg = Release|Any CPU
		{37818039-F756-4333-9F1E-AE1B0873ACA2}.Release|x86.Build.0 = Release|Any CPU
		{D8D6E6B0-039D-4605-859D-8F37789EC7A8}.Debug|Any CPU.ActiveCfg = Debug|Any CPU
		{D8D6E6B0-039D-4605-859D-8F37789EC7A8}.Debug|Any CPU.Build.0 = Debug|Any CPU
		{D8D6E6B0-039D-4605-859D-8F37789EC7A8}.Debug|ARM64.ActiveCfg = Debug|Any CPU
		{D8D6E6B0-039D-4605-859D-8F37789EC7A8}.Debug|ARM64.Build.0 = Debug|Any CPU
		{D8D6E6B0-039D-4605-859D-8F37789EC7A8}.Debug|x64.ActiveCfg = Debug|Any CPU
		{D8D6E6B0-039D-4605-859D-8F37789EC7A8}.Debug|x64.Build.0 = Debug|Any CPU
		{D8D6E6B0-039D-4605-859D-8F37789EC7A8}.Debug|x86.ActiveCfg = Debug|Any CPU
		{D8D6E6B0-039D-4605-859D-8F37789EC7A8}.Debug|x86.Build.0 = Debug|Any CPU
		{D8D6E6B0-039D-4605-859D-8F37789EC7A8}.Release|Any CPU.ActiveCfg = Release|Any CPU
		{D8D6E6B0-039D-4605-859D-8F37789EC7A8}.Release|Any CPU.Build.0 = Release|Any CPU
		{D8D6E6B0-039D-4605-859D-8F37789EC7A8}.Release|ARM64.ActiveCfg = Release|Any CPU
		{D8D6E6B0-039D-4605-859D-8F37789EC7A8}.Release|ARM64.Build.0 = Release|Any CPU
		{D8D6E6B0-039D-4605-859D-8F37789EC7A8}.Release|x64.ActiveCfg = Release|Any CPU
		{D8D6E6B0-039D-4605-859D-8F37789EC7A8}.Release|x64.Build.0 = Release|Any CPU
		{D8D6E6B0-039D-4605-859D-8F37789EC7A8}.Release|x86.ActiveCfg = Release|Any CPU
		{D8D6E6B0-039D-4605-859D-8F37789EC7A8}.Release|x86.Build.0 = Release|Any CPU
		{942B3178-198C-40BE-8B81-0727068DA5B9}.Debug|Any CPU.ActiveCfg = Debug|Any CPU
		{942B3178-198C-40BE-8B81-0727068DA5B9}.Debug|Any CPU.Build.0 = Debug|Any CPU
		{942B3178-198C-40BE-8B81-0727068DA5B9}.Debug|ARM64.ActiveCfg = Debug|Any CPU
		{942B3178-198C-40BE-8B81-0727068DA5B9}.Debug|ARM64.Build.0 = Debug|Any CPU
		{942B3178-198C-40BE-8B81-0727068DA5B9}.Debug|x64.ActiveCfg = Debug|Any CPU
		{942B3178-198C-40BE-8B81-0727068DA5B9}.Debug|x64.Build.0 = Debug|Any CPU
		{942B3178-198C-40BE-8B81-0727068DA5B9}.Debug|x86.ActiveCfg = Debug|Any CPU
		{942B3178-198C-40BE-8B81-0727068DA5B9}.Debug|x86.Build.0 = Debug|Any CPU
		{942B3178-198C-40BE-8B81-0727068DA5B9}.Release|Any CPU.ActiveCfg = Release|Any CPU
		{942B3178-198C-40BE-8B81-0727068DA5B9}.Release|Any CPU.Build.0 = Release|Any CPU
		{942B3178-198C-40BE-8B81-0727068DA5B9}.Release|ARM64.ActiveCfg = Release|Any CPU
		{942B3178-198C-40BE-8B81-0727068DA5B9}.Release|ARM64.Build.0 = Release|Any CPU
		{942B3178-198C-40BE-8B81-0727068DA5B9}.Release|x64.ActiveCfg = Release|Any CPU
		{942B3178-198C-40BE-8B81-0727068DA5B9}.Release|x64.Build.0 = Release|Any CPU
		{942B3178-198C-40BE-8B81-0727068DA5B9}.Release|x86.ActiveCfg = Release|Any CPU
		{942B3178-198C-40BE-8B81-0727068DA5B9}.Release|x86.Build.0 = Release|Any CPU
		{C8AF9929-6841-4F72-9EFB-05F7486DCD7C}.Debug|Any CPU.ActiveCfg = Debug|Any CPU
		{C8AF9929-6841-4F72-9EFB-05F7486DCD7C}.Debug|Any CPU.Build.0 = Debug|Any CPU
		{C8AF9929-6841-4F72-9EFB-05F7486DCD7C}.Debug|ARM64.ActiveCfg = Debug|Any CPU
		{C8AF9929-6841-4F72-9EFB-05F7486DCD7C}.Debug|ARM64.Build.0 = Debug|Any CPU
		{C8AF9929-6841-4F72-9EFB-05F7486DCD7C}.Debug|x64.ActiveCfg = Debug|Any CPU
		{C8AF9929-6841-4F72-9EFB-05F7486DCD7C}.Debug|x64.Build.0 = Debug|Any CPU
		{C8AF9929-6841-4F72-9EFB-05F7486DCD7C}.Debug|x86.ActiveCfg = Debug|Any CPU
		{C8AF9929-6841-4F72-9EFB-05F7486DCD7C}.Debug|x86.Build.0 = Debug|Any CPU
		{C8AF9929-6841-4F72-9EFB-05F7486DCD7C}.Release|Any CPU.ActiveCfg = Release|Any CPU
		{C8AF9929-6841-4F72-9EFB-05F7486DCD7C}.Release|Any CPU.Build.0 = Release|Any CPU
		{C8AF9929-6841-4F72-9EFB-05F7486DCD7C}.Release|ARM64.ActiveCfg = Release|Any CPU
		{C8AF9929-6841-4F72-9EFB-05F7486DCD7C}.Release|ARM64.Build.0 = Release|Any CPU
		{C8AF9929-6841-4F72-9EFB-05F7486DCD7C}.Release|x64.ActiveCfg = Release|Any CPU
		{C8AF9929-6841-4F72-9EFB-05F7486DCD7C}.Release|x64.Build.0 = Release|Any CPU
		{C8AF9929-6841-4F72-9EFB-05F7486DCD7C}.Release|x86.ActiveCfg = Release|Any CPU
		{C8AF9929-6841-4F72-9EFB-05F7486DCD7C}.Release|x86.Build.0 = Release|Any CPU
		{17787AA6-A1FB-468A-966F-0A9D386CB99B}.Debug|Any CPU.ActiveCfg = Debug|Any CPU
		{17787AA6-A1FB-468A-966F-0A9D386CB99B}.Debug|Any CPU.Build.0 = Debug|Any CPU
		{17787AA6-A1FB-468A-966F-0A9D386CB99B}.Debug|ARM64.ActiveCfg = Debug|Any CPU
		{17787AA6-A1FB-468A-966F-0A9D386CB99B}.Debug|ARM64.Build.0 = Debug|Any CPU
		{17787AA6-A1FB-468A-966F-0A9D386CB99B}.Debug|x64.ActiveCfg = Debug|Any CPU
		{17787AA6-A1FB-468A-966F-0A9D386CB99B}.Debug|x64.Build.0 = Debug|Any CPU
		{17787AA6-A1FB-468A-966F-0A9D386CB99B}.Debug|x86.ActiveCfg = Debug|Any CPU
		{17787AA6-A1FB-468A-966F-0A9D386CB99B}.Debug|x86.Build.0 = Debug|Any CPU
		{17787AA6-A1FB-468A-966F-0A9D386CB99B}.Release|Any CPU.ActiveCfg = Release|Any CPU
		{17787AA6-A1FB-468A-966F-0A9D386CB99B}.Release|Any CPU.Build.0 = Release|Any CPU
		{17787AA6-A1FB-468A-966F-0A9D386CB99B}.Release|ARM64.ActiveCfg = Release|Any CPU
		{17787AA6-A1FB-468A-966F-0A9D386CB99B}.Release|ARM64.Build.0 = Release|Any CPU
		{17787AA6-A1FB-468A-966F-0A9D386CB99B}.Release|x64.ActiveCfg = Release|Any CPU
		{17787AA6-A1FB-468A-966F-0A9D386CB99B}.Release|x64.Build.0 = Release|Any CPU
		{17787AA6-A1FB-468A-966F-0A9D386CB99B}.Release|x86.ActiveCfg = Release|Any CPU
		{17787AA6-A1FB-468A-966F-0A9D386CB99B}.Release|x86.Build.0 = Release|Any CPU
		{B0C6F7B8-9773-426B-BD6A-40181D6F15BD}.Debug|Any CPU.ActiveCfg = Debug|x64
		{B0C6F7B8-9773-426B-BD6A-40181D6F15BD}.Debug|Any CPU.Build.0 = Debug|x64
		{B0C6F7B8-9773-426B-BD6A-40181D6F15BD}.Debug|Any CPU.Deploy.0 = Debug|x64
		{B0C6F7B8-9773-426B-BD6A-40181D6F15BD}.Debug|ARM64.ActiveCfg = Debug|ARM64
		{B0C6F7B8-9773-426B-BD6A-40181D6F15BD}.Debug|ARM64.Build.0 = Debug|ARM64
		{B0C6F7B8-9773-426B-BD6A-40181D6F15BD}.Debug|ARM64.Deploy.0 = Debug|ARM64
		{B0C6F7B8-9773-426B-BD6A-40181D6F15BD}.Debug|x64.ActiveCfg = Debug|x64
		{B0C6F7B8-9773-426B-BD6A-40181D6F15BD}.Debug|x64.Build.0 = Debug|x64
		{B0C6F7B8-9773-426B-BD6A-40181D6F15BD}.Debug|x64.Deploy.0 = Debug|x64
		{B0C6F7B8-9773-426B-BD6A-40181D6F15BD}.Debug|x86.ActiveCfg = Debug|x86
		{B0C6F7B8-9773-426B-BD6A-40181D6F15BD}.Debug|x86.Build.0 = Debug|x86
		{B0C6F7B8-9773-426B-BD6A-40181D6F15BD}.Debug|x86.Deploy.0 = Debug|x86
		{B0C6F7B8-9773-426B-BD6A-40181D6F15BD}.Release|Any CPU.ActiveCfg = Release|x64
		{B0C6F7B8-9773-426B-BD6A-40181D6F15BD}.Release|Any CPU.Build.0 = Release|x64
		{B0C6F7B8-9773-426B-BD6A-40181D6F15BD}.Release|Any CPU.Deploy.0 = Release|x64
		{B0C6F7B8-9773-426B-BD6A-40181D6F15BD}.Release|ARM64.ActiveCfg = Release|ARM64
		{B0C6F7B8-9773-426B-BD6A-40181D6F15BD}.Release|ARM64.Build.0 = Release|ARM64
		{B0C6F7B8-9773-426B-BD6A-40181D6F15BD}.Release|ARM64.Deploy.0 = Release|ARM64
		{B0C6F7B8-9773-426B-BD6A-40181D6F15BD}.Release|x64.ActiveCfg = Release|x64
		{B0C6F7B8-9773-426B-BD6A-40181D6F15BD}.Release|x64.Build.0 = Release|x64
		{B0C6F7B8-9773-426B-BD6A-40181D6F15BD}.Release|x64.Deploy.0 = Release|x64
		{B0C6F7B8-9773-426B-BD6A-40181D6F15BD}.Release|x86.ActiveCfg = Release|x86
		{B0C6F7B8-9773-426B-BD6A-40181D6F15BD}.Release|x86.Build.0 = Release|x86
		{B0C6F7B8-9773-426B-BD6A-40181D6F15BD}.Release|x86.Deploy.0 = Release|x86
		{A43DDC04-3B2A-4F92-8491-17C87A07653D}.Debug|Any CPU.ActiveCfg = Debug|Any CPU
		{A43DDC04-3B2A-4F92-8491-17C87A07653D}.Debug|Any CPU.Build.0 = Debug|Any CPU
		{A43DDC04-3B2A-4F92-8491-17C87A07653D}.Debug|ARM64.ActiveCfg = Debug|Any CPU
		{A43DDC04-3B2A-4F92-8491-17C87A07653D}.Debug|ARM64.Build.0 = Debug|Any CPU
		{A43DDC04-3B2A-4F92-8491-17C87A07653D}.Debug|x64.ActiveCfg = Debug|Any CPU
		{A43DDC04-3B2A-4F92-8491-17C87A07653D}.Debug|x64.Build.0 = Debug|Any CPU
		{A43DDC04-3B2A-4F92-8491-17C87A07653D}.Debug|x86.ActiveCfg = Debug|Any CPU
		{A43DDC04-3B2A-4F92-8491-17C87A07653D}.Debug|x86.Build.0 = Debug|Any CPU
		{A43DDC04-3B2A-4F92-8491-17C87A07653D}.Release|Any CPU.ActiveCfg = Release|Any CPU
		{A43DDC04-3B2A-4F92-8491-17C87A07653D}.Release|Any CPU.Build.0 = Release|Any CPU
		{A43DDC04-3B2A-4F92-8491-17C87A07653D}.Release|ARM64.ActiveCfg = Release|Any CPU
		{A43DDC04-3B2A-4F92-8491-17C87A07653D}.Release|ARM64.Build.0 = Release|Any CPU
		{A43DDC04-3B2A-4F92-8491-17C87A07653D}.Release|x64.ActiveCfg = Release|Any CPU
		{A43DDC04-3B2A-4F92-8491-17C87A07653D}.Release|x64.Build.0 = Release|Any CPU
		{A43DDC04-3B2A-4F92-8491-17C87A07653D}.Release|x86.ActiveCfg = Release|Any CPU
		{A43DDC04-3B2A-4F92-8491-17C87A07653D}.Release|x86.Build.0 = Release|Any CPU
		{F38CD8FB-DDE9-40FA-AE24-BDD5887741DA}.Debug|Any CPU.ActiveCfg = Debug|x64
		{F38CD8FB-DDE9-40FA-AE24-BDD5887741DA}.Debug|Any CPU.Build.0 = Debug|x64
		{F38CD8FB-DDE9-40FA-AE24-BDD5887741DA}.Debug|Any CPU.Deploy.0 = Debug|x64
		{F38CD8FB-DDE9-40FA-AE24-BDD5887741DA}.Debug|ARM64.ActiveCfg = Debug|ARM64
		{F38CD8FB-DDE9-40FA-AE24-BDD5887741DA}.Debug|ARM64.Build.0 = Debug|ARM64
		{F38CD8FB-DDE9-40FA-AE24-BDD5887741DA}.Debug|ARM64.Deploy.0 = Debug|ARM64
		{F38CD8FB-DDE9-40FA-AE24-BDD5887741DA}.Debug|x64.ActiveCfg = Debug|x64
		{F38CD8FB-DDE9-40FA-AE24-BDD5887741DA}.Debug|x64.Build.0 = Debug|x64
		{F38CD8FB-DDE9-40FA-AE24-BDD5887741DA}.Debug|x64.Deploy.0 = Debug|x64
		{F38CD8FB-DDE9-40FA-AE24-BDD5887741DA}.Debug|x86.ActiveCfg = Debug|x86
		{F38CD8FB-DDE9-40FA-AE24-BDD5887741DA}.Debug|x86.Build.0 = Debug|x86
		{F38CD8FB-DDE9-40FA-AE24-BDD5887741DA}.Debug|x86.Deploy.0 = Debug|x86
		{F38CD8FB-DDE9-40FA-AE24-BDD5887741DA}.Release|Any CPU.ActiveCfg = Release|x64
		{F38CD8FB-DDE9-40FA-AE24-BDD5887741DA}.Release|Any CPU.Build.0 = Release|x64
		{F38CD8FB-DDE9-40FA-AE24-BDD5887741DA}.Release|Any CPU.Deploy.0 = Release|x64
		{F38CD8FB-DDE9-40FA-AE24-BDD5887741DA}.Release|ARM64.ActiveCfg = Release|ARM64
		{F38CD8FB-DDE9-40FA-AE24-BDD5887741DA}.Release|ARM64.Build.0 = Release|ARM64
		{F38CD8FB-DDE9-40FA-AE24-BDD5887741DA}.Release|ARM64.Deploy.0 = Release|ARM64
		{F38CD8FB-DDE9-40FA-AE24-BDD5887741DA}.Release|x64.ActiveCfg = Release|x64
		{F38CD8FB-DDE9-40FA-AE24-BDD5887741DA}.Release|x64.Build.0 = Release|x64
		{F38CD8FB-DDE9-40FA-AE24-BDD5887741DA}.Release|x64.Deploy.0 = Release|x64
		{F38CD8FB-DDE9-40FA-AE24-BDD5887741DA}.Release|x86.ActiveCfg = Release|x86
		{F38CD8FB-DDE9-40FA-AE24-BDD5887741DA}.Release|x86.Build.0 = Release|x86
		{F38CD8FB-DDE9-40FA-AE24-BDD5887741DA}.Release|x86.Deploy.0 = Release|x86
	EndGlobalSection
	GlobalSection(SolutionProperties) = preSolution
		HideSolutionNode = FALSE
	EndGlobalSection
	GlobalSection(ExtensibilityGlobals) = postSolution
		SolutionGuid = {833C00CD-9AA4-425D-8B22-479D99FB587D}
	EndGlobalSection
EndGlobal
