
Microsoft Visual Studio Solution File, Format Version 12.00
# Visual Studio Version 17
VisualStudioVersion = 17.11.35219.272
MinimumVisualStudioVersion = 10.0.40219.1
Project("{FAE04EC0-301F-11D3-BF4B-00C04F79EFBC}") = "TreeListView", "TreeListView.csproj", "{EEEC8728-22CB-4A8A-A2D2-E4E78B990596}"
EndProject
Global
	GlobalSection(SolutionConfigurationPlatforms) = preSolution
		Debug|Any CPU = Debug|Any CPU
		Release|Any CPU = Release|Any CPU
	EndGlobalSection
	GlobalSection(ProjectConfigurationPlatforms) = postSolution
		{EEEC8728-22CB-4A8A-A2D2-E4E78B990596}.Debug|Any CPU.ActiveCfg = Debug|Any CPU
		{EEEC8728-22CB-4A8A-A2D2-E4E78B990596}.Debug|Any CPU.Build.0 = Debug|Any CPU
		{EEEC8728-22CB-4A8A-A2D2-E4E78B990596}.Release|Any CPU.ActiveCfg = Release|Any CPU
		{EEEC8728-22CB-4A8A-A2D2-E4E78B990596}.Release|Any CPU.Build.0 = Release|Any CPU
	EndGlobalSection
	GlobalSection(SolutionProperties) = preSolution
		HideSolutionNode = FALSE
	EndGlobalSection
	GlobalSection(ExtensibilityGlobals) = postSolution
		SolutionGuid = {E5BC3506-9E11-4F4A-B6CB-950B50E1B0BF}
	EndGlobalSection
EndGlobal
